{
  "name": "scsite",
  "version": "1.0.0",
  "lockfileVersion": 3,
  "requires": true,
  "packages": {
    "": {
      "name": "scsite",
      "version": "1.0.0",
      "license": "ISC",
      "dependencies": {
        "naxt": "file:../../naxt-1.0.0.tgz",
        "naxtjs": "^1.0.0"
      }
    },
    "node_modules/naxt": {
      "version": "1.0.0",
      "resolved": "file:../../naxt-1.0.0.tgz",
      "integrity": "sha512-9ziGHRkveHgIO+ft36w7W/scg88C2um4kR3pzGwfwc73he5gN25DeE/pxmnv7GVsyhyusFCjv5mdyL+jzzTjaA==",
      "funding": [
        {
          "type": "patreon",
          "url": "https://www.patreon.com/FridayCandour"
        },
        {
          "type": "ko-fi",
          "url": "https://www.ko-fi.com/fridaycandour"
        }
      ],
      "license": "Apache-2.0"
    },
    "node_modules/naxtjs": {
      "version": "1.0.0",
      "resolved": "https://registry.npmjs.org/naxtjs/-/naxtjs-1.0.0.tgz",
      "integrity": "sha512-rEkuBly1gZgBd4PWd903qBUzZnwuKg7WU2/cXV4zcqgaPQqcMA6f8tYMPF7VW+jNTCzrYR7OdiZAMGA+G+NGAg==",
      "funding": [
        {
          "type": "patreon",
          "url": "https://www.patreon.com/FridayCandour"
        },
        {
          "type": "ko-fi",
          "url": "https://www.ko-fi.com/fridaycandour"
        }
      ]
    }
  }
}
